
Microsoft Visual Studio Solution File, Format Version 12.00
# Visual Studio Version 16
VisualStudioVersion = 16.0.31025.194
MinimumVisualStudioVersion = 10.0.40219.1
Project("{FAE04EC0-301F-11D3-BF4B-00C04F79EFBC}") = "Eigenmaaltijden", "Eigenmaaltijden\Eigenmaaltijden.csproj", "{7068DCD3-BAD8-46DC-9CEA-C4BA5C85021D}"
EndProject
Global
	GlobalSection(SolutionConfigurationPlatforms) = preSolution
		Debug|Any CPU = Debug|Any CPU
		Release|Any CPU = Release|Any CPU
	EndGlobalSection
	GlobalSection(ProjectConfigurationPlatforms) = postSolution
		{7068DCD3-BAD8-46DC-9CEA-C4BA5C85021D}.Debug|Any CPU.ActiveCfg = Debug|Any CPU
		{7068DCD3-BAD8-46DC-9CEA-C4BA5C85021D}.Debug|Any CPU.Build.0 = Debug|Any CPU
		{7068DCD3-BAD8-46DC-9CEA-C4BA5C85021D}.Release|Any CPU.ActiveCfg = Release|Any CPU
		{7068DCD3-BAD8-46DC-9CEA-C4BA5C85021D}.Release|Any CPU.Build.0 = Release|Any CPU
	EndGlobalSection
	GlobalSection(SolutionProperties) = preSolution
		HideSolutionNode = FALSE
	EndGlobalSection
	GlobalSection(ExtensibilityGlobals) = postSolution
		SolutionGuid = {EF3E4B67-CDA9-4D8A-8FD0-299F56339CAC}
	EndGlobalSection
EndGlobal
